
Microsoft Visual Studio Solution File, Format Version 12.00
# Visual Studio Version 16
VisualStudioVersion = 16.0.30413.136
MinimumVisualStudioVersion = 10.0.40219.1
Project("{9A19103F-16F7-4668-BE54-9A1E7A4F7556}") = "TioSharp", "TioSharp\TioSharp.csproj", "{1216CBA5-3E00-4B32-A419-87E549771FAA}"
EndProject
Project("{FAE04EC0-301F-11D3-BF4B-00C04F79EFBC}") = "TioSharp.Example", "TioSharp.Example\TioSharp.Example.csproj", "{3579CC13-AC6B-4397-9797-1D029540B865}"
EndProject
Global
	GlobalSection(SolutionConfigurationPlatforms) = preSolution
		Debug|Any CPU = Debug|Any CPU
		Release|Any CPU = Release|Any CPU
	EndGlobalSection
	GlobalSection(ProjectConfigurationPlatforms) = postSolution
		{1216CBA5-3E00-4B32-A419-87E549771FAA}.Debug|Any CPU.ActiveCfg = Debug|Any CPU
		{1216CBA5-3E00-4B32-A419-87E549771FAA}.Debug|Any CPU.Build.0 = Debug|Any CPU
		{1216CBA5-3E00-4B32-A419-87E549771FAA}.Release|Any CPU.ActiveCfg = Release|Any CPU
		{1216CBA5-3E00-4B32-A419-87E549771FAA}.Release|Any CPU.Build.0 = Release|Any CPU
		{3579CC13-AC6B-4397-9797-1D029540B865}.Debug|Any CPU.ActiveCfg = Debug|Any CPU
		{3579CC13-AC6B-4397-9797-1D029540B865}.Debug|Any CPU.Build.0 = Debug|Any CPU
		{3579CC13-AC6B-4397-9797-1D029540B865}.Release|Any CPU.ActiveCfg = Release|Any CPU
		{3579CC13-AC6B-4397-9797-1D029540B865}.Release|Any CPU.Build.0 = Release|Any CPU
	EndGlobalSection
	GlobalSection(SolutionProperties) = preSolution
		HideSolutionNode = FALSE
	EndGlobalSection
	GlobalSection(ExtensibilityGlobals) = postSolution
		SolutionGuid = {C874A78D-452D-426E-9C24-6861F2CFD5A9}
	EndGlobalSection
EndGlobal
